
Microsoft Visual Studio Solution File, Format Version 12.00
# Visual Studio Version 16
VisualStudioVersion = 16.0.32929.386
MinimumVisualStudioVersion = 10.0.40219.1
Project("{8BC9CEB8-8B4A-11D0-8D11-00A0C91BC942}") = "Datum", "Datum\Datum.vcxproj", "{D1C2EFF6-EB1B-4FF1-8E16-5631E79418CD}"
EndProject
Project("{8BC9CEB8-8B4A-11D0-8D11-00A0C91BC942}") = "Pokazivaci", "Pokazivaci\Pokazivaci.vcxproj", "{8E9CEBAF-00DB-46A1-AE56-1830B59775A9}"
EndProject
Project("{8BC9CEB8-8B4A-11D0-8D11-00A0C91BC942}") = "DohvatiBrisi", "DohvatiBrisi\DohvatiBrisi.vcxproj", "{D127F3F7-FBF8-46B0-B035-05BB56AFFE6F}"
EndProject
Project("{8BC9CEB8-8B4A-11D0-8D11-00A0C91BC942}") = "Porez", "Porez\Porez.vcxproj", "{259EE54E-E227-4E3A-A7A7-CCE2187C9D94}"
EndProject
Project("{8BC9CEB8-8B4A-11D0-8D11-00A0C91BC942}") = "Rekurzija", "Rekurzija\Rekurzija.vcxproj", "{587B199F-83E5-4B46-8C71-4BB09B0952C7}"
EndProject
Project("{8BC9CEB8-8B4A-11D0-8D11-00A0C91BC942}") = "BinarnoPretrazivanje", "BinarnoPretrazivanje\BinarnoPretrazivanje.vcxproj", "{833ADD93-1305-4CEC-B684-D609AB247138}"
EndProject
Project("{8BC9CEB8-8B4A-11D0-8D11-00A0C91BC942}") = "CitanjePoBlokovima", "CitanjePoBlokovima\CitanjePoBlokovima.vcxproj", "{DC15BAF1-7E2A-426D-A443-859A457D2C24}"
EndProject
Project("{8BC9CEB8-8B4A-11D0-8D11-00A0C91BC942}") = "RasprsenoAdresiranje", "RasprsenoAdresiranje\RasprsenoAdresiranje.vcxproj", "{2DE2C82B-6869-47B4-B476-E6517E49D3C4}"
EndProject
Project("{8BC9CEB8-8B4A-11D0-8D11-00A0C91BC942}") = "Liste", "Liste\Liste.vcxproj", "{CB0F875F-E48D-429E-BD5A-DB7A4EE9A3C1}"
EndProject
Project("{8BC9CEB8-8B4A-11D0-8D11-00A0C91BC942}") = "VisestrukaLista", "VisestrukaLista\VisestrukaLista.vcxproj", "{2C1C1FC7-DB62-4724-868B-B84277841348}"
EndProject
Project("{8BC9CEB8-8B4A-11D0-8D11-00A0C91BC942}") = "ListaOcjena", "ListaOcjena\ListaOcjena.vcxproj", "{236BE50C-BB35-4C93-BFD8-37A5E56E4A76}"
EndProject
Project("{2150E333-8FDC-42A3-9474-1A3956D46DE8}") = "Rjesenja", "Rjesenja", "{ACA06628-C300-4D83-8D1A-75086A2E45C0}"
EndProject
Project("{8BC9CEB8-8B4A-11D0-8D11-00A0C91BC942}") = "Liste-r", "rjesenja\Liste\Liste-r.vcxproj", "{C986FDC5-6DC8-430E-A7BE-E1A5933DDA57}"
EndProject
Project("{8BC9CEB8-8B4A-11D0-8D11-00A0C91BC942}") = "BinarnoPretrazivanje-r", "rjesenja\BinarnoPretrazivanje\BinarnoPretrazivanje-r.vcxproj", "{0DAE45C4-84B8-4744-9EC4-9DBD45963092}"
EndProject
Project("{8BC9CEB8-8B4A-11D0-8D11-00A0C91BC942}") = "CitanjePoBlokovima-r", "rjesenja\CitanjePoBlokovima\CitanjePoBlokovima-r.vcxproj", "{598D806D-4A1C-496E-B482-765DD441DFD8}"
EndProject
Project("{8BC9CEB8-8B4A-11D0-8D11-00A0C91BC942}") = "Datum-r", "rjesenja\Datum\Datum-r.vcxproj", "{7A57B5EB-3FC0-4DAD-9A78-914C3A176E5A}"
EndProject
Project("{8BC9CEB8-8B4A-11D0-8D11-00A0C91BC942}") = "DohvatiBrisi-r", "rjesenja\DohvatiBrisi\DohvatiBrisi-r.vcxproj", "{99954D89-087F-436C-85EC-EEFA300FE9CF}"
EndProject
Project("{8BC9CEB8-8B4A-11D0-8D11-00A0C91BC942}") = "Pokazivaci-r", "rjesenja\Pokazivaci\Pokazivaci-r.vcxproj", "{78A91996-7B9D-4F78-AE08-208270C88DBD}"
EndProject
Project("{8BC9CEB8-8B4A-11D0-8D11-00A0C91BC942}") = "Porez-r", "rjesenja\Porez\Porez-r.vcxproj", "{1AC50756-D52C-4C8D-B2D7-2A0DCC49D533}"
EndProject
Project("{8BC9CEB8-8B4A-11D0-8D11-00A0C91BC942}") = "RasprsenoAdresiranje-r", "rjesenja\RasprsenoAdresiranje\RasprsenoAdresiranje-r.vcxproj", "{09DCFF92-13D8-48BF-8523-8CB97507E23F}"
EndProject
Project("{8BC9CEB8-8B4A-11D0-8D11-00A0C91BC942}") = "Rekurzija-r", "rjesenja\Rekurzija\Rekurzija-r.vcxproj", "{BB231583-13F1-4DA7-A03E-DAF95235A31B}"
EndProject
Project("{8BC9CEB8-8B4A-11D0-8D11-00A0C91BC942}") = "VisestrukaLista-r", "rjesenja\VisestrukaLista\VisestrukaLista-r.vcxproj", "{5EACD8B5-9665-4279-9021-207A56B15108}"
EndProject
Project("{8BC9CEB8-8B4A-11D0-8D11-00A0C91BC942}") = "StogPolje", "StogPolje\StogPolje.vcxproj", "{799A42A3-D058-4A3E-AE50-1841C715627D}"
EndProject
Project("{8BC9CEB8-8B4A-11D0-8D11-00A0C91BC942}") = "StogLista", "StogLista\StogLista.vcxproj", "{566E1238-A81E-4738-ABE3-81F20BFEA27D}"
EndProject
Project("{8BC9CEB8-8B4A-11D0-8D11-00A0C91BC942}") = "RedPolje", "RedPolje\RedPolje.vcxproj", "{263B5DEE-C485-4884-966B-8835E0E4F869}"
EndProject
Global
	GlobalSection(SolutionConfigurationPlatforms) = preSolution
		Debug|x86 = Debug|x86
		Release|x86 = Release|x86
	EndGlobalSection
	GlobalSection(ProjectConfigurationPlatforms) = postSolution
		{D1C2EFF6-EB1B-4FF1-8E16-5631E79418CD}.Debug|x86.ActiveCfg = Debug|Win32
		{D1C2EFF6-EB1B-4FF1-8E16-5631E79418CD}.Debug|x86.Build.0 = Debug|Win32
		{D1C2EFF6-EB1B-4FF1-8E16-5631E79418CD}.Release|x86.ActiveCfg = Release|Win32
		{D1C2EFF6-EB1B-4FF1-8E16-5631E79418CD}.Release|x86.Build.0 = Release|Win32
		{8E9CEBAF-00DB-46A1-AE56-1830B59775A9}.Debug|x86.ActiveCfg = Debug|Win32
		{8E9CEBAF-00DB-46A1-AE56-1830B59775A9}.Debug|x86.Build.0 = Debug|Win32
		{8E9CEBAF-00DB-46A1-AE56-1830B59775A9}.Release|x86.ActiveCfg = Release|Win32
		{8E9CEBAF-00DB-46A1-AE56-1830B59775A9}.Release|x86.Build.0 = Release|Win32
		{D127F3F7-FBF8-46B0-B035-05BB56AFFE6F}.Debug|x86.ActiveCfg = Debug|Win32
		{D127F3F7-FBF8-46B0-B035-05BB56AFFE6F}.Debug|x86.Build.0 = Debug|Win32
		{D127F3F7-FBF8-46B0-B035-05BB56AFFE6F}.Release|x86.ActiveCfg = Release|Win32
		{D127F3F7-FBF8-46B0-B035-05BB56AFFE6F}.Release|x86.Build.0 = Release|Win32
		{259EE54E-E227-4E3A-A7A7-CCE2187C9D94}.Debug|x86.ActiveCfg = Debug|Win32
		{259EE54E-E227-4E3A-A7A7-CCE2187C9D94}.Debug|x86.Build.0 = Debug|Win32
		{259EE54E-E227-4E3A-A7A7-CCE2187C9D94}.Release|x86.ActiveCfg = Release|Win32
		{259EE54E-E227-4E3A-A7A7-CCE2187C9D94}.Release|x86.Build.0 = Release|Win32
		{587B199F-83E5-4B46-8C71-4BB09B0952C7}.Debug|x86.ActiveCfg = Debug|Win32
		{587B199F-83E5-4B46-8C71-4BB09B0952C7}.Debug|x86.Build.0 = Debug|Win32
		{587B199F-83E5-4B46-8C71-4BB09B0952C7}.Release|x86.ActiveCfg = Release|Win32
		{587B199F-83E5-4B46-8C71-4BB09B0952C7}.Release|x86.Build.0 = Release|Win32
		{833ADD93-1305-4CEC-B684-D609AB247138}.Debug|x86.ActiveCfg = Debug|Win32
		{833ADD93-1305-4CEC-B684-D609AB247138}.Debug|x86.Build.0 = Debug|Win32
		{833ADD93-1305-4CEC-B684-D609AB247138}.Release|x86.ActiveCfg = Release|Win32
		{833ADD93-1305-4CEC-B684-D609AB247138}.Release|x86.Build.0 = Release|Win32
		{DC15BAF1-7E2A-426D-A443-859A457D2C24}.Debug|x86.ActiveCfg = Debug|Win32
		{DC15BAF1-7E2A-426D-A443-859A457D2C24}.Debug|x86.Build.0 = Debug|Win32
		{DC15BAF1-7E2A-426D-A443-859A457D2C24}.Release|x86.ActiveCfg = Release|Win32
		{DC15BAF1-7E2A-426D-A443-859A457D2C24}.Release|x86.Build.0 = Release|Win32
		{2DE2C82B-6869-47B4-B476-E6517E49D3C4}.Debug|x86.ActiveCfg = Debug|Win32
		{2DE2C82B-6869-47B4-B476-E6517E49D3C4}.Debug|x86.Build.0 = Debug|Win32
		{2DE2C82B-6869-47B4-B476-E6517E49D3C4}.Release|x86.ActiveCfg = Release|Win32
		{2DE2C82B-6869-47B4-B476-E6517E49D3C4}.Release|x86.Build.0 = Release|Win32
		{CB0F875F-E48D-429E-BD5A-DB7A4EE9A3C1}.Debug|x86.ActiveCfg = Debug|Win32
		{CB0F875F-E48D-429E-BD5A-DB7A4EE9A3C1}.Debug|x86.Build.0 = Debug|Win32
		{CB0F875F-E48D-429E-BD5A-DB7A4EE9A3C1}.Release|x86.ActiveCfg = Release|Win32
		{CB0F875F-E48D-429E-BD5A-DB7A4EE9A3C1}.Release|x86.Build.0 = Release|Win32
		{2C1C1FC7-DB62-4724-868B-B84277841348}.Debug|x86.ActiveCfg = Debug|Win32
		{2C1C1FC7-DB62-4724-868B-B84277841348}.Debug|x86.Build.0 = Debug|Win32
		{2C1C1FC7-DB62-4724-868B-B84277841348}.Release|x86.ActiveCfg = Release|Win32
		{2C1C1FC7-DB62-4724-868B-B84277841348}.Release|x86.Build.0 = Release|Win32
		{236BE50C-BB35-4C93-BFD8-37A5E56E4A76}.Debug|x86.ActiveCfg = Debug|Win32
		{236BE50C-BB35-4C93-BFD8-37A5E56E4A76}.Debug|x86.Build.0 = Debug|Win32
		{236BE50C-BB35-4C93-BFD8-37A5E56E4A76}.Release|x86.ActiveCfg = Release|Win32
		{236BE50C-BB35-4C93-BFD8-37A5E56E4A76}.Release|x86.Build.0 = Release|Win32
		{C986FDC5-6DC8-430E-A7BE-E1A5933DDA57}.Debug|x86.ActiveCfg = Debug|Win32
		{C986FDC5-6DC8-430E-A7BE-E1A5933DDA57}.Debug|x86.Build.0 = Debug|Win32
		{C986FDC5-6DC8-430E-A7BE-E1A5933DDA57}.Release|x86.ActiveCfg = Release|Win32
		{C986FDC5-6DC8-430E-A7BE-E1A5933DDA57}.Release|x86.Build.0 = Release|Win32
		{0DAE45C4-84B8-4744-9EC4-9DBD45963092}.Debug|x86.ActiveCfg = Debug|Win32
		{0DAE45C4-84B8-4744-9EC4-9DBD45963092}.Debug|x86.Build.0 = Debug|Win32
		{0DAE45C4-84B8-4744-9EC4-9DBD45963092}.Release|x86.ActiveCfg = Release|Win32
		{0DAE45C4-84B8-4744-9EC4-9DBD45963092}.Release|x86.Build.0 = Release|Win32
		{598D806D-4A1C-496E-B482-765DD441DFD8}.Debug|x86.ActiveCfg = Debug|Win32
		{598D806D-4A1C-496E-B482-765DD441DFD8}.Debug|x86.Build.0 = Debug|Win32
		{598D806D-4A1C-496E-B482-765DD441DFD8}.Release|x86.ActiveCfg = Release|Win32
		{598D806D-4A1C-496E-B482-765DD441DFD8}.Release|x86.Build.0 = Release|Win32
		{7A57B5EB-3FC0-4DAD-9A78-914C3A176E5A}.Debug|x86.ActiveCfg = Debug|Win32
		{7A57B5EB-3FC0-4DAD-9A78-914C3A176E5A}.Debug|x86.Build.0 = Debug|Win32
		{7A57B5EB-3FC0-4DAD-9A78-914C3A176E5A}.Release|x86.ActiveCfg = Release|Win32
		{7A57B5EB-3FC0-4DAD-9A78-914C3A176E5A}.Release|x86.Build.0 = Release|Win32
		{99954D89-087F-436C-85EC-EEFA300FE9CF}.Debug|x86.ActiveCfg = Debug|Win32
		{99954D89-087F-436C-85EC-EEFA300FE9CF}.Debug|x86.Build.0 = Debug|Win32
		{99954D89-087F-436C-85EC-EEFA300FE9CF}.Release|x86.ActiveCfg = Release|Win32
		{99954D89-087F-436C-85EC-EEFA300FE9CF}.Release|x86.Build.0 = Release|Win32
		{78A91996-7B9D-4F78-AE08-208270C88DBD}.Debug|x86.ActiveCfg = Debug|Win32
		{78A91996-7B9D-4F78-AE08-208270C88DBD}.Debug|x86.Build.0 = Debug|Win32
		{78A91996-7B9D-4F78-AE08-208270C88DBD}.Release|x86.ActiveCfg = Release|Win32
		{78A91996-7B9D-4F78-AE08-208270C88DBD}.Release|x86.Build.0 = Release|Win32
		{1AC50756-D52C-4C8D-B2D7-2A0DCC49D533}.Debug|x86.ActiveCfg = Debug|Win32
		{1AC50756-D52C-4C8D-B2D7-2A0DCC49D533}.Debug|x86.Build.0 = Debug|Win32
		{1AC50756-D52C-4C8D-B2D7-2A0DCC49D533}.Release|x86.ActiveCfg = Release|Win32
		{1AC50756-D52C-4C8D-B2D7-2A0DCC49D533}.Release|x86.Build.0 = Release|Win32
		{09DCFF92-13D8-48BF-8523-8CB97507E23F}.Debug|x86.ActiveCfg = Debug|Win32
		{09DCFF92-13D8-48BF-8523-8CB97507E23F}.Debug|x86.Build.0 = Debug|Win32
		{09DCFF92-13D8-48BF-8523-8CB97507E23F}.Release|x86.ActiveCfg = Release|Win32
		{09DCFF92-13D8-48BF-8523-8CB97507E23F}.Release|x86.Build.0 = Release|Win32
		{BB231583-13F1-4DA7-A03E-DAF95235A31B}.Debug|x86.ActiveCfg = Debug|Win32
		{BB231583-13F1-4DA7-A03E-DAF95235A31B}.Debug|x86.Build.0 = Debug|Win32
		{BB231583-13F1-4DA7-A03E-DAF95235A31B}.Release|x86.ActiveCfg = Release|Win32
		{BB231583-13F1-4DA7-A03E-DAF95235A31B}.Release|x86.Build.0 = Release|Win32
		{5EACD8B5-9665-4279-9021-207A56B15108}.Debug|x86.ActiveCfg = Debug|Win32
		{5EACD8B5-9665-4279-9021-207A56B15108}.Debug|x86.Build.0 = Debug|Win32
		{5EACD8B5-9665-4279-9021-207A56B15108}.Release|x86.ActiveCfg = Release|Win32
		{5EACD8B5-9665-4279-9021-207A56B15108}.Release|x86.Build.0 = Release|Win32
		{799A42A3-D058-4A3E-AE50-1841C715627D}.Debug|x86.ActiveCfg = Debug|Win32
		{799A42A3-D058-4A3E-AE50-1841C715627D}.Debug|x86.Build.0 = Debug|Win32
		{799A42A3-D058-4A3E-AE50-1841C715627D}.Release|x86.ActiveCfg = Release|Win32
		{799A42A3-D058-4A3E-AE50-1841C715627D}.Release|x86.Build.0 = Release|Win32
		{566E1238-A81E-4738-ABE3-81F20BFEA27D}.Debug|x86.ActiveCfg = Debug|Win32
		{566E1238-A81E-4738-ABE3-81F20BFEA27D}.Debug|x86.Build.0 = Debug|Win32
		{566E1238-A81E-4738-ABE3-81F20BFEA27D}.Release|x86.ActiveCfg = Release|Win32
		{566E1238-A81E-4738-ABE3-81F20BFEA27D}.Release|x86.Build.0 = Release|Win32
		{263B5DEE-C485-4884-966B-8835E0E4F869}.Debug|x86.ActiveCfg = Debug|Win32
		{263B5DEE-C485-4884-966B-8835E0E4F869}.Debug|x86.Build.0 = Debug|Win32
		{263B5DEE-C485-4884-966B-8835E0E4F869}.Release|x86.ActiveCfg = Release|Win32
		{263B5DEE-C485-4884-966B-8835E0E4F869}.Release|x86.Build.0 = Release|Win32
	EndGlobalSection
	GlobalSection(SolutionProperties) = preSolution
		HideSolutionNode = FALSE
	EndGlobalSection
	GlobalSection(NestedProjects) = preSolution
		{C986FDC5-6DC8-430E-A7BE-E1A5933DDA57} = {ACA06628-C300-4D83-8D1A-75086A2E45C0}
		{0DAE45C4-84B8-4744-9EC4-9DBD45963092} = {ACA06628-C300-4D83-8D1A-75086A2E45C0}
		{598D806D-4A1C-496E-B482-765DD441DFD8} = {ACA06628-C300-4D83-8D1A-75086A2E45C0}
		{7A57B5EB-3FC0-4DAD-9A78-914C3A176E5A} = {ACA06628-C300-4D83-8D1A-75086A2E45C0}
		{99954D89-087F-436C-85EC-EEFA300FE9CF} = {ACA06628-C300-4D83-8D1A-75086A2E45C0}
		{78A91996-7B9D-4F78-AE08-208270C88DBD} = {ACA06628-C300-4D83-8D1A-75086A2E45C0}
		{1AC50756-D52C-4C8D-B2D7-2A0DCC49D533} = {ACA06628-C300-4D83-8D1A-75086A2E45C0}
		{09DCFF92-13D8-48BF-8523-8CB97507E23F} = {ACA06628-C300-4D83-8D1A-75086A2E45C0}
		{BB231583-13F1-4DA7-A03E-DAF95235A31B} = {ACA06628-C300-4D83-8D1A-75086A2E45C0}
		{5EACD8B5-9665-4279-9021-207A56B15108} = {ACA06628-C300-4D83-8D1A-75086A2E45C0}
	EndGlobalSection
	GlobalSection(ExtensibilityGlobals) = postSolution
		SolutionGuid = {D2B1ADA8-8186-46CB-B250-1781F7A07412}
	EndGlobalSection
EndGlobal
